# This file is autogenerated, do not edit; changes may be undone by the next 'dep ensure'.


[[projects]]
  branch = "master"
  name = "github.com/pborman/getopt"
  packages = ["."]
  revision = "2b5b3bfb099b7da3e2f433966f8ab1d5803e0876"

[solve-meta]
  analyzer-name = "dep"
  analyzer-version = 1
  inputs-digest = "06352dd6e10846ade83eb6e537c78ef718917bbfd85efa933fd416bc67c50a0a"
  solver-name = "gps-cdcl"
  solver-version = 1
